// !$*UTF8*$!
{
	archiveVersion = 1;
	classes = {
	};
	objectVersion = 46;
	objects = {

/* Begin PBXBuildFile section */
		8208E2A71F486D94000A8E14 /* FileManager.cpp in Sources */ = {isa = PBXBuildFile; fileRef = 8208E2A41F486B76000A8E14 /* FileManager.cpp */; };
		8208E2B51F488098000A8E14 /* OBJBridge.m in Sources */ = {isa = PBXBuildFile; fileRef = 8208E2B41F488098000A8E14 /* OBJBridge.m */; };
		8208E2BB1F4882DC000A8E14 /* CallObj.m in Sources */ = {isa = PBXBuildFile; fileRef = 8208E2B61F48814E000A8E14 /* CallObj.m */; };
		8208E2C61F48899B000A8E14 /* Assets in CopyFiles */ = {isa = PBXBuildFile; fileRef = 8208E2C51F488998000A8E14 /* Assets */; };
		824681AC1F458D5D003BA5F3 /* libglfw3.3.2.dylib in Frameworks */ = {isa = PBXBuildFile; fileRef = 824681AB1F458D5D003BA5F3 /* libglfw3.3.2.dylib */; };
		824681B41F458D7F003BA5F3 /* libGLEW.2.0.0.dylib in Frameworks */ = {isa = PBXBuildFile; fileRef = 824681AE1F458D72003BA5F3 /* libGLEW.2.0.0.dylib */; };
		824681B81F458F9C003BA5F3 /* OpenGL.framework in Frameworks */ = {isa = PBXBuildFile; fileRef = 824681B71F458F9C003BA5F3 /* OpenGL.framework */; };
		824681C01F459233003BA5F3 /* shader.cpp in Sources */ = {isa = PBXBuildFile; fileRef = 824681BC1F4590BD003BA5F3 /* shader.cpp */; };
		8266A8071F45867000C55472 /* main.cpp in Sources */ = {isa = PBXBuildFile; fileRef = 8266A8061F45867000C55472 /* main.cpp */; };
		8266A82B1F45899300C55472 /* Point.cpp in Sources */ = {isa = PBXBuildFile; fileRef = 8266A8221F4588FB00C55472 /* Point.cpp */; };
		8266A82C1F45899300C55472 /* Log.cpp in Sources */ = {isa = PBXBuildFile; fileRef = 8266A8251F4588FB00C55472 /* Log.cpp */; };
		8266A82D1F45899300C55472 /* StringTools.cpp in Sources */ = {isa = PBXBuildFile; fileRef = 8266A8281F4588FB00C55472 /* StringTools.cpp */; };
		82E76BF11F49A140009E2420 /* System.cpp in Sources */ = {isa = PBXBuildFile; fileRef = 82E76BF01F49A140009E2420 /* System.cpp */; };
		82E76BF91F49AB6A009E2420 /* Debug.cpp in Sources */ = {isa = PBXBuildFile; fileRef = 82E76BF71F49AB6A009E2420 /* Debug.cpp */; };
/* End PBXBuildFile section */

/* Begin PBXCopyFilesBuildPhase section */
		8266A8011F45867000C55472 /* CopyFiles */ = {
			isa = PBXCopyFilesBuildPhase;
			buildActionMask = 12;
			dstPath = "";
			dstSubfolderSpec = 7;
			files = (
				8208E2C61F48899B000A8E14 /* Assets in CopyFiles */,
			);
			runOnlyForDeploymentPostprocessing = 0;
		};
/* End PBXCopyFilesBuildPhase section */

/* Begin PBXFileReference section */
		8208E2A41F486B76000A8E14 /* FileManager.cpp */ = {isa = PBXFileReference; lastKnownFileType = sourcecode.cpp.cpp; path = FileManager.cpp; sourceTree = "<group>"; };
		8208E2A51F486B76000A8E14 /* FileManager.hpp */ = {isa = PBXFileReference; lastKnownFileType = sourcecode.cpp.h; path = FileManager.hpp; sourceTree = "<group>"; };
		8208E2B31F488098000A8E14 /* OBJBridge.h */ = {isa = PBXFileReference; fileEncoding = 4; lastKnownFileType = sourcecode.c.h; path = OBJBridge.h; sourceTree = "<group>"; };
		8208E2B41F488098000A8E14 /* OBJBridge.m */ = {isa = PBXFileReference; fileEncoding = 4; lastKnownFileType = sourcecode.c.objc; path = OBJBridge.m; sourceTree = "<group>"; };
		8208E2B61F48814E000A8E14 /* CallObj.m */ = {isa = PBXFileReference; fileEncoding = 4; lastKnownFileType = sourcecode.c.objc; path = CallObj.m; sourceTree = "<group>"; };
		8208E2B71F48814E000A8E14 /* CallObj.h */ = {isa = PBXFileReference; fileEncoding = 4; lastKnownFileType = sourcecode.c.h; path = CallObj.h; sourceTree = "<group>"; };
		8208E2B91F488219000A8E14 /* Foundation.framework */ = {isa = PBXFileReference; lastKnownFileType = wrapper.framework; name = Foundation.framework; path = System/Library/Frameworks/Foundation.framework; sourceTree = SDKROOT; };
		8208E2C51F488998000A8E14 /* Assets */ = {isa = PBXFileReference; lastKnownFileType = folder; name = Assets; path = ../../../../Assets; sourceTree = "<group>"; };
		824681AB1F458D5D003BA5F3 /* libglfw3.3.2.dylib */ = {isa = PBXFileReference; lastKnownFileType = "compiled.mach-o.dylib"; name = libglfw3.3.2.dylib; path = ../../../../../../../../usr/local/Cellar/glfw/3.2.1/lib/libglfw3.3.2.dylib; sourceTree = "<group>"; };
		824681AE1F458D72003BA5F3 /* libGLEW.2.0.0.dylib */ = {isa = PBXFileReference; lastKnownFileType = "compiled.mach-o.dylib"; path = libGLEW.2.0.0.dylib; sourceTree = "<group>"; };
		824681AF1F458D72003BA5F3 /* libGLEW.2.0.dylib */ = {isa = PBXFileReference; lastKnownFileType = "compiled.mach-o.dylib"; path = libGLEW.2.0.dylib; sourceTree = "<group>"; };
		824681B01F458D72003BA5F3 /* libGLEW.a */ = {isa = PBXFileReference; lastKnownFileType = archive.ar; path = libGLEW.a; sourceTree = "<group>"; };
		824681B11F458D72003BA5F3 /* libGLEW.dylib */ = {isa = PBXFileReference; lastKnownFileType = "compiled.mach-o.dylib"; path = libGLEW.dylib; sourceTree = "<group>"; };
		824681B31F458D72003BA5F3 /* glew.pc */ = {isa = PBXFileReference; lastKnownFileType = text; path = glew.pc; sourceTree = "<group>"; };
		824681B51F458F73003BA5F3 /* README.md */ = {isa = PBXFileReference; lastKnownFileType = net.daringfireball.markdown; name = README.md; path = ../../../../../../../../usr/local/Cellar/glfw/3.2.1/README.md; sourceTree = "<group>"; };
		824681B71F458F9C003BA5F3 /* OpenGL.framework */ = {isa = PBXFileReference; lastKnownFileType = wrapper.framework; name = OpenGL.framework; path = System/Library/Frameworks/OpenGL.framework; sourceTree = SDKROOT; };
		824681BC1F4590BD003BA5F3 /* shader.cpp */ = {isa = PBXFileReference; lastKnownFileType = sourcecode.cpp.cpp; path = shader.cpp; sourceTree = "<group>"; };
		824681BD1F4590BD003BA5F3 /* shader.hpp */ = {isa = PBXFileReference; lastKnownFileType = sourcecode.cpp.h; path = shader.hpp; sourceTree = "<group>"; };
		824681BF1F459108003BA5F3 /* GL.hpp */ = {isa = PBXFileReference; lastKnownFileType = sourcecode.cpp.h; path = GL.hpp; sourceTree = "<group>"; };
		8266A8031F45867000C55472 /* TestEngine */ = {isa = PBXFileReference; explicitFileType = "compiled.mach-o.executable"; includeInIndex = 0; path = TestEngine; sourceTree = BUILT_PRODUCTS_DIR; };
		8266A8061F45867000C55472 /* main.cpp */ = {isa = PBXFileReference; lastKnownFileType = sourcecode.cpp.cpp; path = main.cpp; sourceTree = "<group>"; };
		8266A81A1F45879500C55472 /* libstdc++.tbd */ = {isa = PBXFileReference; lastKnownFileType = "sourcecode.text-based-dylib-definition"; name = "libstdc++.tbd"; path = "usr/lib/libstdc++.tbd"; sourceTree = SDKROOT; };
		8266A81C1F45880100C55472 /* libstdc++.6.0.9.tbd */ = {isa = PBXFileReference; lastKnownFileType = "sourcecode.text-based-dylib-definition"; name = "libstdc++.6.0.9.tbd"; path = "usr/lib/libstdc++.6.0.9.tbd"; sourceTree = SDKROOT; };
		8266A8221F4588FB00C55472 /* Point.cpp */ = {isa = PBXFileReference; lastKnownFileType = sourcecode.cpp.cpp; path = Point.cpp; sourceTree = "<group>"; };
		8266A8231F4588FB00C55472 /* Point.hpp */ = {isa = PBXFileReference; lastKnownFileType = sourcecode.cpp.h; path = Point.hpp; sourceTree = "<group>"; };
		8266A8251F4588FB00C55472 /* Log.cpp */ = {isa = PBXFileReference; lastKnownFileType = sourcecode.cpp.cpp; path = Log.cpp; sourceTree = "<group>"; };
		8266A8261F4588FB00C55472 /* Log.hpp */ = {isa = PBXFileReference; lastKnownFileType = sourcecode.cpp.h; path = Log.hpp; sourceTree = "<group>"; };
		8266A8271F4588FB00C55472 /* STL.hpp */ = {isa = PBXFileReference; lastKnownFileType = sourcecode.cpp.h; path = STL.hpp; sourceTree = "<group>"; };
		8266A8281F4588FB00C55472 /* StringTools.cpp */ = {isa = PBXFileReference; lastKnownFileType = sourcecode.cpp.cpp; path = StringTools.cpp; sourceTree = "<group>"; };
		8266A8291F4588FB00C55472 /* StringTools.hpp */ = {isa = PBXFileReference; lastKnownFileType = sourcecode.cpp.h; path = StringTools.hpp; sourceTree = "<group>"; };
		8266A82A1F4588FB00C55472 /* Tools.hpp */ = {isa = PBXFileReference; lastKnownFileType = sourcecode.cpp.h; path = Tools.hpp; sourceTree = "<group>"; };
		82E76BEE1F499FFC009E2420 /* Platform.h */ = {isa = PBXFileReference; lastKnownFileType = sourcecode.c.h; path = Platform.h; sourceTree = "<group>"; };
		82E76BEF1F499FFC009E2420 /* System.hpp */ = {isa = PBXFileReference; lastKnownFileType = sourcecode.cpp.h; path = System.hpp; sourceTree = "<group>"; };
		82E76BF01F49A140009E2420 /* System.cpp */ = {isa = PBXFileReference; fileEncoding = 4; lastKnownFileType = sourcecode.cpp.cpp; path = System.cpp; sourceTree = "<group>"; };
		82E76BF21F49A67D009E2420 /* TestEngine.h */ = {isa = PBXFileReference; lastKnownFileType = sourcecode.c.h; path = TestEngine.h; sourceTree = "<group>"; };
		82E76BF31F49A8DE009E2420 /* Types.h */ = {isa = PBXFileReference; lastKnownFileType = sourcecode.c.h; path = Types.h; sourceTree = "<group>"; };
		82E76BF71F49AB6A009E2420 /* Debug.cpp */ = {isa = PBXFileReference; fileEncoding = 4; lastKnownFileType = sourcecode.cpp.cpp; path = Debug.cpp; sourceTree = "<group>"; };
		82E76BF81F49AB6A009E2420 /* Debug.hpp */ = {isa = PBXFileReference; fileEncoding = 4; lastKnownFileType = sourcecode.cpp.h; path = Debug.hpp; sourceTree = "<group>"; };
/* End PBXFileReference section */

/* Begin PBXFrameworksBuildPhase section */
		8266A8001F45867000C55472 /* Frameworks */ = {
			isa = PBXFrameworksBuildPhase;
			buildActionMask = 2147483647;
			files = (
				824681B81F458F9C003BA5F3 /* OpenGL.framework in Frameworks */,
				824681B41F458D7F003BA5F3 /* libGLEW.2.0.0.dylib in Frameworks */,
				824681AC1F458D5D003BA5F3 /* libglfw3.3.2.dylib in Frameworks */,
			);
			runOnlyForDeploymentPostprocessing = 0;
		};
/* End PBXFrameworksBuildPhase section */

/* Begin PBXGroup section */
		8208E2A31F486B76000A8E14 /* System */ = {
			isa = PBXGroup;
			children = (
				8208E2B21F488068000A8E14 /* iOS */,
				82E76BEE1F499FFC009E2420 /* Platform.h */,
				82E76BF31F49A8DE009E2420 /* Types.h */,
				82E76BEF1F499FFC009E2420 /* System.hpp */,
				82E76BF01F49A140009E2420 /* System.cpp */,
				8208E2A51F486B76000A8E14 /* FileManager.hpp */,
				8208E2A41F486B76000A8E14 /* FileManager.cpp */,
			);
			path = System;
			sourceTree = "<group>";
		};
		8208E2B21F488068000A8E14 /* iOS */ = {
			isa = PBXGroup;
			children = (
				8208E2B71F48814E000A8E14 /* CallObj.h */,
				8208E2B61F48814E000A8E14 /* CallObj.m */,
				8208E2B31F488098000A8E14 /* OBJBridge.h */,
				8208E2B41F488098000A8E14 /* OBJBridge.m */,
			);
			path = iOS;
			sourceTree = "<group>";
		};
		824681AD1F458D72003BA5F3 /* lib */ = {
			isa = PBXGroup;
			children = (
				824681AE1F458D72003BA5F3 /* libGLEW.2.0.0.dylib */,
				824681AF1F458D72003BA5F3 /* libGLEW.2.0.dylib */,
				824681B01F458D72003BA5F3 /* libGLEW.a */,
				824681B11F458D72003BA5F3 /* libGLEW.dylib */,
				824681B21F458D72003BA5F3 /* pkgconfig */,
			);
			name = lib;
			path = ../../../../../../../../usr/local/Cellar/glew/2.0.0/lib;
			sourceTree = "<group>";
		};
		824681B21F458D72003BA5F3 /* pkgconfig */ = {
			isa = PBXGroup;
			children = (
				824681B31F458D72003BA5F3 /* glew.pc */,
			);
			path = pkgconfig;
			sourceTree = "<group>";
		};
		824681B91F4590BD003BA5F3 /* GL */ = {
			isa = PBXGroup;
			children = (
				824681BF1F459108003BA5F3 /* GL.hpp */,
				824681BA1F4590BD003BA5F3 /* Shaders */,
			);
			path = GL;
			sourceTree = "<group>";
		};
		824681BA1F4590BD003BA5F3 /* Shaders */ = {
			isa = PBXGroup;
			children = (
				824681BD1F4590BD003BA5F3 /* shader.hpp */,
				824681BC1F4590BD003BA5F3 /* shader.cpp */,
			);
			path = Shaders;
			sourceTree = "<group>";
		};
		8266A7FA1F45867000C55472 = {
			isa = PBXGroup;
			children = (
				8266A8051F45867000C55472 /* TestEngine */,
				8266A8041F45867000C55472 /* Products */,
				8266A8191F45879500C55472 /* Frameworks */,
			);
			sourceTree = "<group>";
		};
		8266A8041F45867000C55472 /* Products */ = {
			isa = PBXGroup;
			children = (
				8266A8031F45867000C55472 /* TestEngine */,
			);
			name = Products;
			sourceTree = "<group>";
		};
		8266A8051F45867000C55472 /* TestEngine */ = {
			isa = PBXGroup;
			children = (
				8208E2C51F488998000A8E14 /* Assets */,
				8266A81F1F4588FB00C55472 /* Sources */,
				8266A8061F45867000C55472 /* main.cpp */,
			);
			path = TestEngine;
			sourceTree = "<group>";
		};
		8266A8191F45879500C55472 /* Frameworks */ = {
			isa = PBXGroup;
			children = (
				8208E2B91F488219000A8E14 /* Foundation.framework */,
				824681B71F458F9C003BA5F3 /* OpenGL.framework */,
				824681B51F458F73003BA5F3 /* README.md */,
				824681AD1F458D72003BA5F3 /* lib */,
				824681AB1F458D5D003BA5F3 /* libglfw3.3.2.dylib */,
				8266A81C1F45880100C55472 /* libstdc++.6.0.9.tbd */,
				8266A81A1F45879500C55472 /* libstdc++.tbd */,
			);
			name = Frameworks;
			sourceTree = "<group>";
		};
		8266A81F1F4588FB00C55472 /* Sources */ = {
			isa = PBXGroup;
			children = (
				82E76BF21F49A67D009E2420 /* TestEngine.h */,
				8208E2A31F486B76000A8E14 /* System */,
				824681B91F4590BD003BA5F3 /* GL */,
				8266A8201F4588FB00C55472 /* Geometry */,
				8266A8241F4588FB00C55472 /* Tools */,
			);
			name = Sources;
			path = ../../../../Sources;
			sourceTree = "<group>";
		};
		8266A8201F4588FB00C55472 /* Geometry */ = {
			isa = PBXGroup;
			children = (
				8266A8211F4588FB00C55472 /* Primitives */,
			);
			path = Geometry;
			sourceTree = "<group>";
		};
		8266A8211F4588FB00C55472 /* Primitives */ = {
			isa = PBXGroup;
			children = (
				8266A8221F4588FB00C55472 /* Point.cpp */,
				8266A8231F4588FB00C55472 /* Point.hpp */,
			);
			path = Primitives;
			sourceTree = "<group>";
		};
		8266A8241F4588FB00C55472 /* Tools */ = {
			isa = PBXGroup;
			children = (
				8266A82A1F4588FB00C55472 /* Tools.hpp */,
				82E76BF81F49AB6A009E2420 /* Debug.hpp */,
				82E76BF71F49AB6A009E2420 /* Debug.cpp */,
				8266A8261F4588FB00C55472 /* Log.hpp */,
				8266A8251F4588FB00C55472 /* Log.cpp */,
				8266A8271F4588FB00C55472 /* STL.hpp */,
				8266A8291F4588FB00C55472 /* StringTools.hpp */,
				8266A8281F4588FB00C55472 /* StringTools.cpp */,
			);
			path = Tools;
			sourceTree = "<group>";
		};
/* End PBXGroup section */

/* Begin PBXNativeTarget section */
		8266A8021F45867000C55472 /* TestEngine */ = {
			isa = PBXNativeTarget;
			buildConfigurationList = 8266A80A1F45867000C55472 /* Build configuration list for PBXNativeTarget "TestEngine" */;
			buildPhases = (
				8266A7FF1F45867000C55472 /* Sources */,
				8266A8001F45867000C55472 /* Frameworks */,
				8266A8011F45867000C55472 /* CopyFiles */,
			);
			buildRules = (
			);
			dependencies = (
			);
			name = TestEngine;
			productName = TestEngine;
			productReference = 8266A8031F45867000C55472 /* TestEngine */;
			productType = "com.apple.product-type.tool";
		};
/* End PBXNativeTarget section */

/* Begin PBXProject section */
		8266A7FB1F45867000C55472 /* Project object */ = {
			isa = PBXProject;
			attributes = {
				LastUpgradeCheck = 0830;
				ORGANIZATIONNAME = VladasZ;
				TargetAttributes = {
					8266A8021F45867000C55472 = {
						CreatedOnToolsVersion = 8.3.3;
						DevelopmentTeam = 2545JX4S8U;
						ProvisioningStyle = Automatic;
					};
				};
			};
			buildConfigurationList = 8266A7FE1F45867000C55472 /* Build configuration list for PBXProject "TestEngine" */;
			compatibilityVersion = "Xcode 3.2";
			developmentRegion = English;
			hasScannedForEncodings = 0;
			knownRegions = (
				en,
			);
			mainGroup = 8266A7FA1F45867000C55472;
			productRefGroup = 8266A8041F45867000C55472 /* Products */;
			projectDirPath = "";
			projectRoot = "";
			targets = (
				8266A8021F45867000C55472 /* TestEngine */,
			);
		};
/* End PBXProject section */

/* Begin PBXSourcesBuildPhase section */
		8266A7FF1F45867000C55472 /* Sources */ = {
			isa = PBXSourcesBuildPhase;
			buildActionMask = 2147483647;
			files = (
				8208E2BB1F4882DC000A8E14 /* CallObj.m in Sources */,
				82E76BF91F49AB6A009E2420 /* Debug.cpp in Sources */,
				8208E2A71F486D94000A8E14 /* FileManager.cpp in Sources */,
				8208E2B51F488098000A8E14 /* OBJBridge.m in Sources */,
				82E76BF11F49A140009E2420 /* System.cpp in Sources */,
				824681C01F459233003BA5F3 /* shader.cpp in Sources */,
				8266A82B1F45899300C55472 /* Point.cpp in Sources */,
				8266A82C1F45899300C55472 /* Log.cpp in Sources */,
				8266A82D1F45899300C55472 /* StringTools.cpp in Sources */,
				8266A8071F45867000C55472 /* main.cpp in Sources */,
			);
			runOnlyForDeploymentPostprocessing = 0;
		};
/* End PBXSourcesBuildPhase section */

/* Begin XCBuildConfiguration section */
		8266A8081F45867000C55472 /* Debug */ = {
			isa = XCBuildConfiguration;
			buildSettings = {
				ALWAYS_SEARCH_USER_PATHS = NO;
				CLANG_ANALYZER_NONNULL = YES;
				CLANG_ANALYZER_NUMBER_OBJECT_CONVERSION = YES_AGGRESSIVE;
				CLANG_CXX_LANGUAGE_STANDARD = "gnu++0x";
				CLANG_CXX_LIBRARY = "libc++";
				CLANG_ENABLE_MODULES = YES;
				CLANG_ENABLE_OBJC_ARC = YES;
				CLANG_WARN_BOOL_CONVERSION = YES;
				CLANG_WARN_CONSTANT_CONVERSION = YES;
				CLANG_WARN_DIRECT_OBJC_ISA_USAGE = YES_ERROR;
				CLANG_WARN_DOCUMENTATION_COMMENTS = YES;
				CLANG_WARN_EMPTY_BODY = YES;
				CLANG_WARN_ENUM_CONVERSION = YES;
				CLANG_WARN_INFINITE_RECURSION = YES;
				CLANG_WARN_INT_CONVERSION = YES;
				CLANG_WARN_OBJC_ROOT_CLASS = YES_ERROR;
				CLANG_WARN_SUSPICIOUS_MOVE = YES;
				CLANG_WARN_UNREACHABLE_CODE = YES;
				CLANG_WARN__DUPLICATE_METHOD_MATCH = YES;
				CODE_SIGN_IDENTITY = "-";
				COPY_PHASE_STRIP = NO;
				DEBUG_INFORMATION_FORMAT = dwarf;
				ENABLE_STRICT_OBJC_MSGSEND = YES;
				ENABLE_TESTABILITY = YES;
				GCC_C_LANGUAGE_STANDARD = gnu99;
				GCC_DYNAMIC_NO_PIC = NO;
				GCC_NO_COMMON_BLOCKS = YES;
				GCC_OPTIMIZATION_LEVEL = 0;
				GCC_PREPROCESSOR_DEFINITIONS = (
					"DEBUG=1",
					"$(inherited)",
				);
				GCC_WARN_64_TO_32_BIT_CONVERSION = YES;
				GCC_WARN_ABOUT_RETURN_TYPE = YES_ERROR;
				GCC_WARN_UNDECLARED_SELECTOR = YES;
				GCC_WARN_UNINITIALIZED_AUTOS = YES_AGGRESSIVE;
				GCC_WARN_UNUSED_FUNCTION = YES;
				GCC_WARN_UNUSED_VARIABLE = YES;
				MACOSX_DEPLOYMENT_TARGET = 10.12;
				MTL_ENABLE_DEBUG_INFO = YES;
				ONLY_ACTIVE_ARCH = YES;
				SDKROOT = macosx;
			};
			name = Debug;
		};
		8266A8091F45867000C55472 /* Release */ = {
			isa = XCBuildConfiguration;
			buildSettings = {
				ALWAYS_SEARCH_USER_PATHS = NO;
				CLANG_ANALYZER_NONNULL = YES;
				CLANG_ANALYZER_NUMBER_OBJECT_CONVERSION = YES_AGGRESSIVE;
				CLANG_CXX_LANGUAGE_STANDARD = "gnu++0x";
				CLANG_CXX_LIBRARY = "libc++";
				CLANG_ENABLE_MODULES = YES;
				CLANG_ENABLE_OBJC_ARC = YES;
				CLANG_WARN_BOOL_CONVERSION = YES;
				CLANG_WARN_CONSTANT_CONVERSION = YES;
				CLANG_WARN_DIRECT_OBJC_ISA_USAGE = YES_ERROR;
				CLANG_WARN_DOCUMENTATION_COMMENTS = YES;
				CLANG_WARN_EMPTY_BODY = YES;
				CLANG_WARN_ENUM_CONVERSION = YES;
				CLANG_WARN_INFINITE_RECURSION = YES;
				CLANG_WARN_INT_CONVERSION = YES;
				CLANG_WARN_OBJC_ROOT_CLASS = YES_ERROR;
				CLANG_WARN_SUSPICIOUS_MOVE = YES;
				CLANG_WARN_UNREACHABLE_CODE = YES;
				CLANG_WARN__DUPLICATE_METHOD_MATCH = YES;
				CODE_SIGN_IDENTITY = "-";
				COPY_PHASE_STRIP = NO;
				DEBUG_INFORMATION_FORMAT = "dwarf-with-dsym";
				ENABLE_NS_ASSERTIONS = NO;
				ENABLE_STRICT_OBJC_MSGSEND = YES;
				GCC_C_LANGUAGE_STANDARD = gnu99;
				GCC_NO_COMMON_BLOCKS = YES;
				GCC_WARN_64_TO_32_BIT_CONVERSION = YES;
				GCC_WARN_ABOUT_RETURN_TYPE = YES_ERROR;
				GCC_WARN_UNDECLARED_SELECTOR = YES;
				GCC_WARN_UNINITIALIZED_AUTOS = YES_AGGRESSIVE;
				GCC_WARN_UNUSED_FUNCTION = YES;
				GCC_WARN_UNUSED_VARIABLE = YES;
				MACOSX_DEPLOYMENT_TARGET = 10.12;
				MTL_ENABLE_DEBUG_INFO = NO;
				SDKROOT = macosx;
			};
			name = Release;
		};
		8266A80B1F45867000C55472 /* Debug */ = {
			isa = XCBuildConfiguration;
			buildSettings = {
				CLANG_CXX_LANGUAGE_STANDARD = "gnu++0x";
				CLANG_CXX_LIBRARY = "libstdc++";
				CLANG_ENABLE_MODULES = YES;
				DEVELOPMENT_TEAM = 2545JX4S8U;
				HEADER_SEARCH_PATHS = (
					"/usr/local/Cellar/glew/2.0.0/include/**",
					"/usr/local/Cellar/glfw/3.2.1/include/**",
				);
				LIBRARY_SEARCH_PATHS = (
					"$(inherited)",
					/usr/local/Cellar/glfw/3.2.1/lib,
					/usr/local/Cellar/glew/2.0.0/lib,
				);
				PRODUCT_NAME = "$(TARGET_NAME)";
			};
			name = Debug;
		};
		8266A80C1F45867000C55472 /* Release */ = {
			isa = XCBuildConfiguration;
			buildSettings = {
				CLANG_CXX_LANGUAGE_STANDARD = "gnu++0x";
				CLANG_CXX_LIBRARY = "libstdc++";
				CLANG_ENABLE_MODULES = YES;
				DEVELOPMENT_TEAM = 2545JX4S8U;
				HEADER_SEARCH_PATHS = (
					"/usr/local/Cellar/glew/2.0.0/include/**",
					"/usr/local/Cellar/glfw/3.2.1/include/**",
				);
				LIBRARY_SEARCH_PATHS = (
					"$(inherited)",
					/usr/local/Cellar/glfw/3.2.1/lib,
					/usr/local/Cellar/glew/2.0.0/lib,
				);
				PRODUCT_NAME = "$(TARGET_NAME)";
			};
			name = Release;
		};
/* End XCBuildConfiguration section */

/* Begin XCConfigurationList section */
		8266A7FE1F45867000C55472 /* Build configuration list for PBXProject "TestEngine" */ = {
			isa = XCConfigurationList;
			buildConfigurations = (
				8266A8081F45867000C55472 /* Debug */,
				8266A8091F45867000C55472 /* Release */,
			);
			defaultConfigurationIsVisible = 0;
			defaultConfigurationName = Release;
		};
		8266A80A1F45867000C55472 /* Build configuration list for PBXNativeTarget "TestEngine" */ = {
			isa = XCConfigurationList;
			buildConfigurations = (
				8266A80B1F45867000C55472 /* Debug */,
				8266A80C1F45867000C55472 /* Release */,
			);
			defaultConfigurationIsVisible = 0;
			defaultConfigurationName = Release;
		};
/* End XCConfigurationList section */
	};
	rootObject = 8266A7FB1F45867000C55472 /* Project object */;
}
