// !$*UTF8*$!
{
	archiveVersion = 1;
	classes = {
	};
	objectVersion = 46;
	objects = {

/* Begin PBXBuildFile section */
		822C501D1F49B0440097ECEA /* GLKit.framework in Frameworks */ = {isa = PBXBuildFile; fileRef = 822C501C1F49B0440097ECEA /* GLKit.framework */; };
		822C501F1F49B0480097ECEA /* OpenGLES.framework in Frameworks */ = {isa = PBXBuildFile; fileRef = 822C501E1F49B0480097ECEA /* OpenGLES.framework */; };
		822C50411F49B3A40097ECEA /* Point.cpp in Sources */ = {isa = PBXBuildFile; fileRef = 822C50241F49B3A40097ECEA /* Point.cpp */; };
		822C50431F49B3A40097ECEA /* FileManager.cpp in Sources */ = {isa = PBXBuildFile; fileRef = 822C502C1F49B3A40097ECEA /* FileManager.cpp */; };
		822C50441F49B3A40097ECEA /* CallObj.m in Sources */ = {isa = PBXBuildFile; fileRef = 822C50301F49B3A40097ECEA /* CallObj.m */; };
		822C50451F49B3A40097ECEA /* OBJBridge.m in Sources */ = {isa = PBXBuildFile; fileRef = 822C50321F49B3A40097ECEA /* OBJBridge.m */; };
		822C50461F49B3A40097ECEA /* System.cpp in Sources */ = {isa = PBXBuildFile; fileRef = 822C50341F49B3A40097ECEA /* System.cpp */; };
		822C50471F49B3A40097ECEA /* Debug.cpp in Sources */ = {isa = PBXBuildFile; fileRef = 822C50391F49B3A40097ECEA /* Debug.cpp */; };
		822C50481F49B3A40097ECEA /* Log.cpp in Sources */ = {isa = PBXBuildFile; fileRef = 822C503B1F49B3A40097ECEA /* Log.cpp */; };
		822C50491F49B3A40097ECEA /* StringTools.cpp in Sources */ = {isa = PBXBuildFile; fileRef = 822C503E1F49B3A40097ECEA /* StringTools.cpp */; };
		82937D4A1F49C244005539CD /* Assets in Resources */ = {isa = PBXBuildFile; fileRef = 82937D491F49C244005539CD /* Assets */; };
		82C882841F4A10D3009B7204 /* ShadetManager.cpp in Sources */ = {isa = PBXBuildFile; fileRef = 82C882831F4A10D3009B7204 /* ShadetManager.cpp */; };
		82CA7D681F49B02000B0CD46 /* main.m in Sources */ = {isa = PBXBuildFile; fileRef = 82CA7D671F49B02000B0CD46 /* main.m */; };
		82CA7D6B1F49B02000B0CD46 /* AppDelegate.m in Sources */ = {isa = PBXBuildFile; fileRef = 82CA7D6A1F49B02000B0CD46 /* AppDelegate.m */; };
		82CA7D6E1F49B02000B0CD46 /* ViewController.mm in Sources */ = {isa = PBXBuildFile; fileRef = 82CA7D6D1F49B02000B0CD46 /* ViewController.mm */; };
		82CA7D711F49B02000B0CD46 /* Main.storyboard in Resources */ = {isa = PBXBuildFile; fileRef = 82CA7D6F1F49B02000B0CD46 /* Main.storyboard */; };
		82CA7D731F49B02000B0CD46 /* Assets.xcassets in Resources */ = {isa = PBXBuildFile; fileRef = 82CA7D721F49B02000B0CD46 /* Assets.xcassets */; };
		82CA7D761F49B02000B0CD46 /* LaunchScreen.storyboard in Resources */ = {isa = PBXBuildFile; fileRef = 82CA7D741F49B02000B0CD46 /* LaunchScreen.storyboard */; };
/* End PBXBuildFile section */

/* Begin PBXFileReference section */
		822C501C1F49B0440097ECEA /* GLKit.framework */ = {isa = PBXFileReference; lastKnownFileType = wrapper.framework; name = GLKit.framework; path = System/Library/Frameworks/GLKit.framework; sourceTree = SDKROOT; };
		822C501E1F49B0480097ECEA /* OpenGLES.framework */ = {isa = PBXFileReference; lastKnownFileType = wrapper.framework; name = OpenGLES.framework; path = System/Library/Frameworks/OpenGLES.framework; sourceTree = SDKROOT; };
		822C50241F49B3A40097ECEA /* Point.cpp */ = {isa = PBXFileReference; fileEncoding = 4; lastKnownFileType = sourcecode.cpp.cpp; path = Point.cpp; sourceTree = "<group>"; };
		822C50251F49B3A40097ECEA /* Point.hpp */ = {isa = PBXFileReference; fileEncoding = 4; lastKnownFileType = sourcecode.cpp.h; path = Point.hpp; sourceTree = "<group>"; };
		822C50271F49B3A40097ECEA /* GL.hpp */ = {isa = PBXFileReference; fileEncoding = 4; lastKnownFileType = sourcecode.cpp.h; path = GL.hpp; sourceTree = "<group>"; };
		822C502C1F49B3A40097ECEA /* FileManager.cpp */ = {isa = PBXFileReference; fileEncoding = 4; lastKnownFileType = sourcecode.cpp.cpp; path = FileManager.cpp; sourceTree = "<group>"; };
		822C502D1F49B3A40097ECEA /* FileManager.hpp */ = {isa = PBXFileReference; fileEncoding = 4; lastKnownFileType = sourcecode.cpp.h; path = FileManager.hpp; sourceTree = "<group>"; };
		822C502F1F49B3A40097ECEA /* CallObj.h */ = {isa = PBXFileReference; fileEncoding = 4; lastKnownFileType = sourcecode.c.h; path = CallObj.h; sourceTree = "<group>"; };
		822C50301F49B3A40097ECEA /* CallObj.m */ = {isa = PBXFileReference; fileEncoding = 4; lastKnownFileType = sourcecode.c.objc; path = CallObj.m; sourceTree = "<group>"; };
		822C50311F49B3A40097ECEA /* OBJBridge.h */ = {isa = PBXFileReference; fileEncoding = 4; lastKnownFileType = sourcecode.c.h; path = OBJBridge.h; sourceTree = "<group>"; };
		822C50321F49B3A40097ECEA /* OBJBridge.m */ = {isa = PBXFileReference; fileEncoding = 4; lastKnownFileType = sourcecode.c.objc; path = OBJBridge.m; sourceTree = "<group>"; };
		822C50331F49B3A40097ECEA /* Platform.h */ = {isa = PBXFileReference; fileEncoding = 4; lastKnownFileType = sourcecode.c.h; path = Platform.h; sourceTree = "<group>"; };
		822C50341F49B3A40097ECEA /* System.cpp */ = {isa = PBXFileReference; fileEncoding = 4; lastKnownFileType = sourcecode.cpp.cpp; path = System.cpp; sourceTree = "<group>"; };
		822C50351F49B3A40097ECEA /* System.hpp */ = {isa = PBXFileReference; fileEncoding = 4; lastKnownFileType = sourcecode.cpp.h; path = System.hpp; sourceTree = "<group>"; };
		822C50361F49B3A40097ECEA /* Types.h */ = {isa = PBXFileReference; fileEncoding = 4; lastKnownFileType = sourcecode.c.h; path = Types.h; sourceTree = "<group>"; };
		822C50371F49B3A40097ECEA /* TestEngine.h */ = {isa = PBXFileReference; fileEncoding = 4; lastKnownFileType = sourcecode.c.h; path = TestEngine.h; sourceTree = "<group>"; };
		822C50391F49B3A40097ECEA /* Debug.cpp */ = {isa = PBXFileReference; fileEncoding = 4; lastKnownFileType = sourcecode.cpp.cpp; path = Debug.cpp; sourceTree = "<group>"; };
		822C503A1F49B3A40097ECEA /* Debug.hpp */ = {isa = PBXFileReference; fileEncoding = 4; lastKnownFileType = sourcecode.cpp.h; path = Debug.hpp; sourceTree = "<group>"; };
		822C503B1F49B3A40097ECEA /* Log.cpp */ = {isa = PBXFileReference; fileEncoding = 4; lastKnownFileType = sourcecode.cpp.cpp; path = Log.cpp; sourceTree = "<group>"; };
		822C503C1F49B3A40097ECEA /* Log.hpp */ = {isa = PBXFileReference; fileEncoding = 4; lastKnownFileType = sourcecode.cpp.h; path = Log.hpp; sourceTree = "<group>"; };
		822C503D1F49B3A40097ECEA /* STL.hpp */ = {isa = PBXFileReference; fileEncoding = 4; lastKnownFileType = sourcecode.cpp.h; path = STL.hpp; sourceTree = "<group>"; };
		822C503E1F49B3A40097ECEA /* StringTools.cpp */ = {isa = PBXFileReference; fileEncoding = 4; lastKnownFileType = sourcecode.cpp.cpp; path = StringTools.cpp; sourceTree = "<group>"; };
		822C503F1F49B3A40097ECEA /* StringTools.hpp */ = {isa = PBXFileReference; fileEncoding = 4; lastKnownFileType = sourcecode.cpp.h; path = StringTools.hpp; sourceTree = "<group>"; };
		822C50401F49B3A40097ECEA /* Tools.hpp */ = {isa = PBXFileReference; fileEncoding = 4; lastKnownFileType = sourcecode.cpp.h; path = Tools.hpp; sourceTree = "<group>"; };
		82937D491F49C244005539CD /* Assets */ = {isa = PBXFileReference; lastKnownFileType = folder; name = Assets; path = ../../../../Assets; sourceTree = "<group>"; };
		82C882821F4A10D3009B7204 /* ShaderManager.hpp */ = {isa = PBXFileReference; fileEncoding = 4; lastKnownFileType = sourcecode.cpp.h; path = ShaderManager.hpp; sourceTree = "<group>"; };
		82C882831F4A10D3009B7204 /* ShadetManager.cpp */ = {isa = PBXFileReference; fileEncoding = 4; lastKnownFileType = sourcecode.cpp.cpp; path = ShadetManager.cpp; sourceTree = "<group>"; };
		82CA7D631F49B02000B0CD46 /* TestEngine.app */ = {isa = PBXFileReference; explicitFileType = wrapper.application; includeInIndex = 0; path = TestEngine.app; sourceTree = BUILT_PRODUCTS_DIR; };
		82CA7D671F49B02000B0CD46 /* main.m */ = {isa = PBXFileReference; lastKnownFileType = sourcecode.c.objc; path = main.m; sourceTree = "<group>"; };
		82CA7D691F49B02000B0CD46 /* AppDelegate.h */ = {isa = PBXFileReference; lastKnownFileType = sourcecode.c.h; path = AppDelegate.h; sourceTree = "<group>"; };
		82CA7D6A1F49B02000B0CD46 /* AppDelegate.m */ = {isa = PBXFileReference; lastKnownFileType = sourcecode.c.objc; path = AppDelegate.m; sourceTree = "<group>"; };
		82CA7D6C1F49B02000B0CD46 /* ViewController.h */ = {isa = PBXFileReference; lastKnownFileType = sourcecode.c.h; path = ViewController.h; sourceTree = "<group>"; };
		82CA7D6D1F49B02000B0CD46 /* ViewController.mm */ = {isa = PBXFileReference; lastKnownFileType = sourcecode.cpp.objcpp; path = ViewController.mm; sourceTree = "<group>"; };
		82CA7D701F49B02000B0CD46 /* Base */ = {isa = PBXFileReference; lastKnownFileType = file.storyboard; name = Base; path = Base.lproj/Main.storyboard; sourceTree = "<group>"; };
		82CA7D721F49B02000B0CD46 /* Assets.xcassets */ = {isa = PBXFileReference; lastKnownFileType = folder.assetcatalog; path = Assets.xcassets; sourceTree = "<group>"; };
		82CA7D751F49B02000B0CD46 /* Base */ = {isa = PBXFileReference; lastKnownFileType = file.storyboard; name = Base; path = Base.lproj/LaunchScreen.storyboard; sourceTree = "<group>"; };
		82CA7D771F49B02000B0CD46 /* Info.plist */ = {isa = PBXFileReference; lastKnownFileType = text.plist.xml; path = Info.plist; sourceTree = "<group>"; };
/* End PBXFileReference section */

/* Begin PBXFrameworksBuildPhase section */
		82CA7D601F49B02000B0CD46 /* Frameworks */ = {
			isa = PBXFrameworksBuildPhase;
			buildActionMask = 2147483647;
			files = (
				822C501F1F49B0480097ECEA /* OpenGLES.framework in Frameworks */,
				822C501D1F49B0440097ECEA /* GLKit.framework in Frameworks */,
			);
			runOnlyForDeploymentPostprocessing = 0;
		};
/* End PBXFrameworksBuildPhase section */

/* Begin PBXGroup section */
		822C501B1F49B0440097ECEA /* Frameworks */ = {
			isa = PBXGroup;
			children = (
				822C501E1F49B0480097ECEA /* OpenGLES.framework */,
				822C501C1F49B0440097ECEA /* GLKit.framework */,
			);
			name = Frameworks;
			sourceTree = "<group>";
		};
		822C50201F49B0510097ECEA /* iOS */ = {
			isa = PBXGroup;
			children = (
				82CA7D691F49B02000B0CD46 /* AppDelegate.h */,
				82CA7D6A1F49B02000B0CD46 /* AppDelegate.m */,
				82CA7D6C1F49B02000B0CD46 /* ViewController.h */,
				82CA7D6D1F49B02000B0CD46 /* ViewController.mm */,
				82CA7D6F1F49B02000B0CD46 /* Main.storyboard */,
				82CA7D741F49B02000B0CD46 /* LaunchScreen.storyboard */,
				82CA7D771F49B02000B0CD46 /* Info.plist */,
			);
			name = iOS;
			sourceTree = "<group>";
		};
		822C50211F49B3A40097ECEA /* Sources */ = {
			isa = PBXGroup;
			children = (
				822C50221F49B3A40097ECEA /* Geometry */,
				822C50261F49B3A40097ECEA /* GL */,
				822C502B1F49B3A40097ECEA /* System */,
				822C50371F49B3A40097ECEA /* TestEngine.h */,
				822C50381F49B3A40097ECEA /* Tools */,
			);
			name = Sources;
			path = ../../../../Sources;
			sourceTree = "<group>";
		};
		822C50221F49B3A40097ECEA /* Geometry */ = {
			isa = PBXGroup;
			children = (
				822C50231F49B3A40097ECEA /* Primitives */,
			);
			path = Geometry;
			sourceTree = "<group>";
		};
		822C50231F49B3A40097ECEA /* Primitives */ = {
			isa = PBXGroup;
			children = (
				822C50241F49B3A40097ECEA /* Point.cpp */,
				822C50251F49B3A40097ECEA /* Point.hpp */,
			);
			path = Primitives;
			sourceTree = "<group>";
		};
		822C50261F49B3A40097ECEA /* GL */ = {
			isa = PBXGroup;
			children = (
				822C50271F49B3A40097ECEA /* GL.hpp */,
				822C50281F49B3A40097ECEA /* Shaders */,
			);
			path = GL;
			sourceTree = "<group>";
		};
		822C50281F49B3A40097ECEA /* Shaders */ = {
			isa = PBXGroup;
			children = (
				82C882821F4A10D3009B7204 /* ShaderManager.hpp */,
				82C882831F4A10D3009B7204 /* ShadetManager.cpp */,
			);
			path = Shaders;
			sourceTree = "<group>";
		};
		822C502B1F49B3A40097ECEA /* System */ = {
			isa = PBXGroup;
			children = (
				822C502D1F49B3A40097ECEA /* FileManager.hpp */,
				822C502C1F49B3A40097ECEA /* FileManager.cpp */,
				822C502E1F49B3A40097ECEA /* iOS */,
				822C50331F49B3A40097ECEA /* Platform.h */,
				822C50341F49B3A40097ECEA /* System.cpp */,
				822C50351F49B3A40097ECEA /* System.hpp */,
				822C50361F49B3A40097ECEA /* Types.h */,
			);
			path = System;
			sourceTree = "<group>";
		};
		822C502E1F49B3A40097ECEA /* iOS */ = {
			isa = PBXGroup;
			children = (
				822C502F1F49B3A40097ECEA /* CallObj.h */,
				822C50301F49B3A40097ECEA /* CallObj.m */,
				822C50311F49B3A40097ECEA /* OBJBridge.h */,
				822C50321F49B3A40097ECEA /* OBJBridge.m */,
			);
			path = iOS;
			sourceTree = "<group>";
		};
		822C50381F49B3A40097ECEA /* Tools */ = {
			isa = PBXGroup;
			children = (
				822C50391F49B3A40097ECEA /* Debug.cpp */,
				822C503A1F49B3A40097ECEA /* Debug.hpp */,
				822C503B1F49B3A40097ECEA /* Log.cpp */,
				822C503C1F49B3A40097ECEA /* Log.hpp */,
				822C503D1F49B3A40097ECEA /* STL.hpp */,
				822C503E1F49B3A40097ECEA /* StringTools.cpp */,
				822C503F1F49B3A40097ECEA /* StringTools.hpp */,
				822C50401F49B3A40097ECEA /* Tools.hpp */,
			);
			path = Tools;
			sourceTree = "<group>";
		};
		82CA7D5A1F49B02000B0CD46 = {
			isa = PBXGroup;
			children = (
				82CA7D651F49B02000B0CD46 /* TestEngine */,
				82CA7D641F49B02000B0CD46 /* Products */,
				822C501B1F49B0440097ECEA /* Frameworks */,
			);
			sourceTree = "<group>";
		};
		82CA7D641F49B02000B0CD46 /* Products */ = {
			isa = PBXGroup;
			children = (
				82CA7D631F49B02000B0CD46 /* TestEngine.app */,
			);
			name = Products;
			sourceTree = "<group>";
		};
		82CA7D651F49B02000B0CD46 /* TestEngine */ = {
			isa = PBXGroup;
			children = (
				82937D491F49C244005539CD /* Assets */,
				822C50211F49B3A40097ECEA /* Sources */,
				822C50201F49B0510097ECEA /* iOS */,
				82CA7D721F49B02000B0CD46 /* Assets.xcassets */,
				82CA7D661F49B02000B0CD46 /* Supporting Files */,
			);
			path = TestEngine;
			sourceTree = "<group>";
		};
		82CA7D661F49B02000B0CD46 /* Supporting Files */ = {
			isa = PBXGroup;
			children = (
				82CA7D671F49B02000B0CD46 /* main.m */,
			);
			name = "Supporting Files";
			sourceTree = "<group>";
		};
/* End PBXGroup section */

/* Begin PBXNativeTarget section */
		82CA7D621F49B02000B0CD46 /* TestEngine */ = {
			isa = PBXNativeTarget;
			buildConfigurationList = 82CA7D7A1F49B02000B0CD46 /* Build configuration list for PBXNativeTarget "TestEngine" */;
			buildPhases = (
				82CA7D5F1F49B02000B0CD46 /* Sources */,
				82CA7D601F49B02000B0CD46 /* Frameworks */,
				82CA7D611F49B02000B0CD46 /* Resources */,
			);
			buildRules = (
			);
			dependencies = (
			);
			name = TestEngine;
			productName = TestEngine;
			productReference = 82CA7D631F49B02000B0CD46 /* TestEngine.app */;
			productType = "com.apple.product-type.application";
		};
/* End PBXNativeTarget section */

/* Begin PBXProject section */
		82CA7D5B1F49B02000B0CD46 /* Project object */ = {
			isa = PBXProject;
			attributes = {
				LastUpgradeCheck = 0830;
				ORGANIZATIONNAME = VladasZ;
				TargetAttributes = {
					82CA7D621F49B02000B0CD46 = {
						CreatedOnToolsVersion = 8.3.3;
						DevelopmentTeam = 2545JX4S8U;
						ProvisioningStyle = Automatic;
					};
				};
			};
			buildConfigurationList = 82CA7D5E1F49B02000B0CD46 /* Build configuration list for PBXProject "TestEngine" */;
			compatibilityVersion = "Xcode 3.2";
			developmentRegion = English;
			hasScannedForEncodings = 0;
			knownRegions = (
				en,
				Base,
			);
			mainGroup = 82CA7D5A1F49B02000B0CD46;
			productRefGroup = 82CA7D641F49B02000B0CD46 /* Products */;
			projectDirPath = "";
			projectRoot = "";
			targets = (
				82CA7D621F49B02000B0CD46 /* TestEngine */,
			);
		};
/* End PBXProject section */

/* Begin PBXResourcesBuildPhase section */
		82CA7D611F49B02000B0CD46 /* Resources */ = {
			isa = PBXResourcesBuildPhase;
			buildActionMask = 2147483647;
			files = (
				82CA7D761F49B02000B0CD46 /* LaunchScreen.storyboard in Resources */,
				82937D4A1F49C244005539CD /* Assets in Resources */,
				82CA7D731F49B02000B0CD46 /* Assets.xcassets in Resources */,
				82CA7D711F49B02000B0CD46 /* Main.storyboard in Resources */,
			);
			runOnlyForDeploymentPostprocessing = 0;
		};
/* End PBXResourcesBuildPhase section */

/* Begin PBXSourcesBuildPhase section */
		82CA7D5F1F49B02000B0CD46 /* Sources */ = {
			isa = PBXSourcesBuildPhase;
			buildActionMask = 2147483647;
			files = (
				822C50481F49B3A40097ECEA /* Log.cpp in Sources */,
				822C50471F49B3A40097ECEA /* Debug.cpp in Sources */,
				82C882841F4A10D3009B7204 /* ShadetManager.cpp in Sources */,
				822C50411F49B3A40097ECEA /* Point.cpp in Sources */,
				82CA7D6E1F49B02000B0CD46 /* ViewController.mm in Sources */,
				822C50461F49B3A40097ECEA /* System.cpp in Sources */,
				822C50431F49B3A40097ECEA /* FileManager.cpp in Sources */,
				82CA7D6B1F49B02000B0CD46 /* AppDelegate.m in Sources */,
				822C50491F49B3A40097ECEA /* StringTools.cpp in Sources */,
				82CA7D681F49B02000B0CD46 /* main.m in Sources */,
				822C50451F49B3A40097ECEA /* OBJBridge.m in Sources */,
				822C50441F49B3A40097ECEA /* CallObj.m in Sources */,
			);
			runOnlyForDeploymentPostprocessing = 0;
		};
/* End PBXSourcesBuildPhase section */

/* Begin PBXVariantGroup section */
		82CA7D6F1F49B02000B0CD46 /* Main.storyboard */ = {
			isa = PBXVariantGroup;
			children = (
				82CA7D701F49B02000B0CD46 /* Base */,
			);
			name = Main.storyboard;
			sourceTree = "<group>";
		};
		82CA7D741F49B02000B0CD46 /* LaunchScreen.storyboard */ = {
			isa = PBXVariantGroup;
			children = (
				82CA7D751F49B02000B0CD46 /* Base */,
			);
			name = LaunchScreen.storyboard;
			sourceTree = "<group>";
		};
/* End PBXVariantGroup section */

/* Begin XCBuildConfiguration section */
		82CA7D781F49B02000B0CD46 /* Debug */ = {
			isa = XCBuildConfiguration;
			buildSettings = {
				ALWAYS_SEARCH_USER_PATHS = NO;
				CLANG_ANALYZER_NONNULL = YES;
				CLANG_ANALYZER_NUMBER_OBJECT_CONVERSION = YES_AGGRESSIVE;
				CLANG_CXX_LANGUAGE_STANDARD = "gnu++0x";
				CLANG_CXX_LIBRARY = "libc++";
				CLANG_ENABLE_MODULES = YES;
				CLANG_ENABLE_OBJC_ARC = YES;
				CLANG_WARN_BOOL_CONVERSION = YES;
				CLANG_WARN_CONSTANT_CONVERSION = YES;
				CLANG_WARN_DIRECT_OBJC_ISA_USAGE = YES_ERROR;
				CLANG_WARN_DOCUMENTATION_COMMENTS = YES;
				CLANG_WARN_EMPTY_BODY = YES;
				CLANG_WARN_ENUM_CONVERSION = YES;
				CLANG_WARN_INFINITE_RECURSION = YES;
				CLANG_WARN_INT_CONVERSION = YES;
				CLANG_WARN_OBJC_ROOT_CLASS = YES_ERROR;
				CLANG_WARN_SUSPICIOUS_MOVE = YES;
				CLANG_WARN_UNREACHABLE_CODE = YES;
				CLANG_WARN__DUPLICATE_METHOD_MATCH = YES;
				"CODE_SIGN_IDENTITY[sdk=iphoneos*]" = "iPhone Developer";
				COPY_PHASE_STRIP = NO;
				DEBUG_INFORMATION_FORMAT = dwarf;
				ENABLE_STRICT_OBJC_MSGSEND = YES;
				ENABLE_TESTABILITY = YES;
				GCC_C_LANGUAGE_STANDARD = gnu99;
				GCC_DYNAMIC_NO_PIC = NO;
				GCC_NO_COMMON_BLOCKS = YES;
				GCC_OPTIMIZATION_LEVEL = 0;
				GCC_PREPROCESSOR_DEFINITIONS = (
					"DEBUG=1",
					"$(inherited)",
				);
				GCC_WARN_64_TO_32_BIT_CONVERSION = YES;
				GCC_WARN_ABOUT_RETURN_TYPE = YES_ERROR;
				GCC_WARN_UNDECLARED_SELECTOR = YES;
				GCC_WARN_UNINITIALIZED_AUTOS = YES_AGGRESSIVE;
				GCC_WARN_UNUSED_FUNCTION = YES;
				GCC_WARN_UNUSED_VARIABLE = YES;
				IPHONEOS_DEPLOYMENT_TARGET = 10.3;
				MTL_ENABLE_DEBUG_INFO = YES;
				ONLY_ACTIVE_ARCH = YES;
				SDKROOT = iphoneos;
			};
			name = Debug;
		};
		82CA7D791F49B02000B0CD46 /* Release */ = {
			isa = XCBuildConfiguration;
			buildSettings = {
				ALWAYS_SEARCH_USER_PATHS = NO;
				CLANG_ANALYZER_NONNULL = YES;
				CLANG_ANALYZER_NUMBER_OBJECT_CONVERSION = YES_AGGRESSIVE;
				CLANG_CXX_LANGUAGE_STANDARD = "gnu++0x";
				CLANG_CXX_LIBRARY = "libc++";
				CLANG_ENABLE_MODULES = YES;
				CLANG_ENABLE_OBJC_ARC = YES;
				CLANG_WARN_BOOL_CONVERSION = YES;
				CLANG_WARN_CONSTANT_CONVERSION = YES;
				CLANG_WARN_DIRECT_OBJC_ISA_USAGE = YES_ERROR;
				CLANG_WARN_DOCUMENTATION_COMMENTS = YES;
				CLANG_WARN_EMPTY_BODY = YES;
				CLANG_WARN_ENUM_CONVERSION = YES;
				CLANG_WARN_INFINITE_RECURSION = YES;
				CLANG_WARN_INT_CONVERSION = YES;
				CLANG_WARN_OBJC_ROOT_CLASS = YES_ERROR;
				CLANG_WARN_SUSPICIOUS_MOVE = YES;
				CLANG_WARN_UNREACHABLE_CODE = YES;
				CLANG_WARN__DUPLICATE_METHOD_MATCH = YES;
				"CODE_SIGN_IDENTITY[sdk=iphoneos*]" = "iPhone Developer";
				COPY_PHASE_STRIP = NO;
				DEBUG_INFORMATION_FORMAT = "dwarf-with-dsym";
				ENABLE_NS_ASSERTIONS = NO;
				ENABLE_STRICT_OBJC_MSGSEND = YES;
				GCC_C_LANGUAGE_STANDARD = gnu99;
				GCC_NO_COMMON_BLOCKS = YES;
				GCC_WARN_64_TO_32_BIT_CONVERSION = YES;
				GCC_WARN_ABOUT_RETURN_TYPE = YES_ERROR;
				GCC_WARN_UNDECLARED_SELECTOR = YES;
				GCC_WARN_UNINITIALIZED_AUTOS = YES_AGGRESSIVE;
				GCC_WARN_UNUSED_FUNCTION = YES;
				GCC_WARN_UNUSED_VARIABLE = YES;
				IPHONEOS_DEPLOYMENT_TARGET = 10.3;
				MTL_ENABLE_DEBUG_INFO = NO;
				SDKROOT = iphoneos;
				VALIDATE_PRODUCT = YES;
			};
			name = Release;
		};
		82CA7D7B1F49B02000B0CD46 /* Debug */ = {
			isa = XCBuildConfiguration;
			buildSettings = {
				ASSETCATALOG_COMPILER_APPICON_NAME = AppIcon;
				DEVELOPMENT_TEAM = 2545JX4S8U;
				GCC_PREPROCESSOR_DEFINITIONS = (
					"DEBUG=1",
					"$(inherited)",
				);
				INFOPLIST_FILE = TestEngine/Info.plist;
				LD_RUNPATH_SEARCH_PATHS = "$(inherited) @executable_path/Frameworks";
				PRODUCT_BUNDLE_IDENTIFIER = VladasZ.TestEngine;
				PRODUCT_NAME = "$(TARGET_NAME)";
			};
			name = Debug;
		};
		82CA7D7C1F49B02000B0CD46 /* Release */ = {
			isa = XCBuildConfiguration;
			buildSettings = {
				ASSETCATALOG_COMPILER_APPICON_NAME = AppIcon;
				DEVELOPMENT_TEAM = 2545JX4S8U;
				GCC_PREPROCESSOR_DEFINITIONS = "";
				INFOPLIST_FILE = TestEngine/Info.plist;
				LD_RUNPATH_SEARCH_PATHS = "$(inherited) @executable_path/Frameworks";
				PRODUCT_BUNDLE_IDENTIFIER = VladasZ.TestEngine;
				PRODUCT_NAME = "$(TARGET_NAME)";
			};
			name = Release;
		};
/* End XCBuildConfiguration section */

/* Begin XCConfigurationList section */
		82CA7D5E1F49B02000B0CD46 /* Build configuration list for PBXProject "TestEngine" */ = {
			isa = XCConfigurationList;
			buildConfigurations = (
				82CA7D781F49B02000B0CD46 /* Debug */,
				82CA7D791F49B02000B0CD46 /* Release */,
			);
			defaultConfigurationIsVisible = 0;
			defaultConfigurationName = Release;
		};
		82CA7D7A1F49B02000B0CD46 /* Build configuration list for PBXNativeTarget "TestEngine" */ = {
			isa = XCConfigurationList;
			buildConfigurations = (
				82CA7D7B1F49B02000B0CD46 /* Debug */,
				82CA7D7C1F49B02000B0CD46 /* Release */,
			);
			defaultConfigurationIsVisible = 0;
			defaultConfigurationName = Release;
		};
/* End XCConfigurationList section */
	};
	rootObject = 82CA7D5B1F49B02000B0CD46 /* Project object */;
}
